{
	"name": "hat-ring-components",
	"version": "0.1.13",
	"lockfileVersion": 3,
	"requires": true,
	"packages": {
		"": {
			"name": "hat-ring-components",
			"version": "0.1.13",
			"license": "MIT",
			"dependencies": {
				"@ringieraxelspringer/tsconfig": "^4.0.0",
				"@ringpublishing/graphql-api-client": "^1.0.0",
				"@types/node": "*",
				"cheerio": "^1.0.0-rc.12",
				"date-fns": "^2.29.3",
				"date-fns-tz": "^2.0.0",
				"lodash": "^4.17.21",
				"next": "13.2.4",
				"react": "18.2.0",
				"react-dom": "18.2.0"
			},
			"devDependencies": {
				"@types/node": "^12.12.21",
				"@types/react": "18.0.26",
				"@types/react-dom": "18.0.9",
				"typescript": "~4.7.4"
			},
			"engines": {
				"node": "^16"
			}
		},
		"node_modules/@aws-crypto/sha256-js": {
			"version": "2.0.2",
			"resolved": "https://artifactory.smartdev.ringieraxelspringer.tech/artifactory/api/npm/npm/@aws-crypto/sha256-js/-/sha256-js-2.0.2.tgz",
			"integrity": "sha512-iXLdKH19qPmIC73fVCrHWCSYjN/sxaAvZ3jNNyw6FclmHyjLKg0f69WlC9KTnyElxCR5MO9SKaG00VwlJwyAkQ==",
			"dependencies": {
				"@aws-crypto/util": "^2.0.2",
				"@aws-sdk/types": "^3.110.0",
				"tslib": "^1.11.1"
			}
		},
		"node_modules/@aws-crypto/sha256-js/node_modules/tslib": {
			"version": "1.14.1",
			"resolved": "https://artifactory.smartdev.ringieraxelspringer.tech/artifactory/api/npm/npm/tslib/-/tslib-1.14.1.tgz",
			"integrity": "sha512-Xni35NKzjgMrwevysHTCArtLDpPvye8zV/0E4EyYn43P7/7qvQwPh9BGkHewbMulVntbigmcT7rdX3BNo9wRJg=="
		},
		"node_modules/@aws-crypto/util": {
			"version": "2.0.2",
			"resolved": "https://artifactory.smartdev.ringieraxelspringer.tech/artifactory/api/npm/npm/@aws-crypto/util/-/util-2.0.2.tgz",
			"integrity": "sha512-Lgu5v/0e/BcrZ5m/IWqzPUf3UYFTy/PpeED+uc9SWUR1iZQL8XXbGQg10UfllwwBryO3hFF5dizK+78aoXC1eA==",
			"dependencies": {
				"@aws-sdk/types": "^3.110.0",
				"@aws-sdk/util-utf8-browser": "^3.0.0",
				"tslib": "^1.11.1"
			}
		},
		"node_modules/@aws-crypto/util/node_modules/tslib": {
			"version": "1.14.1",
			"resolved": "https://artifactory.smartdev.ringieraxelspringer.tech/artifactory/api/npm/npm/tslib/-/tslib-1.14.1.tgz",
			"integrity": "sha512-Xni35NKzjgMrwevysHTCArtLDpPvye8zV/0E4EyYn43P7/7qvQwPh9BGkHewbMulVntbigmcT7rdX3BNo9wRJg=="
		},
		"node_modules/@aws-sdk/is-array-buffer": {
			"version": "3.201.0",
			"resolved": "https://artifactory.smartdev.ringieraxelspringer.tech/artifactory/api/npm/npm/@aws-sdk/is-array-buffer/-/is-array-buffer-3.201.0.tgz",
			"integrity": "sha512-UPez5qLh3dNgt0DYnPD/q0mVJY84rA17QE26hVNOW3fAji8W2wrwrxdacWOxyXvlxWsVRcKmr+lay1MDqpAMfg==",
			"dependencies": {
				"tslib": "^2.3.1"
			},
			"engines": {
				"node": ">=14.0.0"
			}
		},
		"node_modules/@aws-sdk/protocol-http": {
			"version": "3.215.0",
			"resolved": "https://artifactory.smartdev.ringieraxelspringer.tech/artifactory/api/npm/npm/@aws-sdk/protocol-http/-/protocol-http-3.215.0.tgz",
			"integrity": "sha512-qp6Y6v4S534LAjadiVl9p7ErK7ImphOKq6yhFyQwxko6iITLcz8ib3yU27fs4QJcnNj5ZooqW/YlL/0EikDxCQ==",
			"dependencies": {
				"@aws-sdk/types": "3.215.0",
				"tslib": "^2.3.1"
			},
			"engines": {
				"node": ">=14.0.0"
			}
		},
		"node_modules/@aws-sdk/protocol-http/node_modules/@aws-sdk/types": {
			"version": "3.215.0",
			"resolved": "https://artifactory.smartdev.ringieraxelspringer.tech/artifactory/api/npm/npm/@aws-sdk/types/-/types-3.215.0.tgz",
			"integrity": "sha512-eRbCVjwzTYd9C5e2mceScJ6D2kYDDEC3PLkYfJa+1wH9iiF2JlbiYozAokyeYBHQ+AjmD93MK58RBoM8iZfH0Q==",
			"engines": {
				"node": ">=14.0.0"
			}
		},
		"node_modules/@aws-sdk/signature-v4": {
			"version": "3.215.0",
			"resolved": "https://artifactory.smartdev.ringieraxelspringer.tech/artifactory/api/npm/npm/@aws-sdk/signature-v4/-/signature-v4-3.215.0.tgz",
			"integrity": "sha512-Rc73uUCi3eJneO25DydLTfJYamXeuKS9YIhNMTKlpvcN1UQAmAnUbAmCuEmqvkYOiGD1i4/kd8kBga708iIikQ==",
			"dependencies": {
				"@aws-sdk/is-array-buffer": "3.201.0",
				"@aws-sdk/types": "3.215.0",
				"@aws-sdk/util-hex-encoding": "3.201.0",
				"@aws-sdk/util-middleware": "3.215.0",
				"@aws-sdk/util-uri-escape": "3.201.0",
				"tslib": "^2.3.1"
			},
			"engines": {
				"node": ">=14.0.0"
			}
		},
		"node_modules/@aws-sdk/signature-v4/node_modules/@aws-sdk/types": {
			"version": "3.215.0",
			"resolved": "https://artifactory.smartdev.ringieraxelspringer.tech/artifactory/api/npm/npm/@aws-sdk/types/-/types-3.215.0.tgz",
			"integrity": "sha512-eRbCVjwzTYd9C5e2mceScJ6D2kYDDEC3PLkYfJa+1wH9iiF2JlbiYozAokyeYBHQ+AjmD93MK58RBoM8iZfH0Q==",
			"engines": {
				"node": ">=14.0.0"
			}
		},
		"node_modules/@aws-sdk/types": {
			"version": "3.310.0",
			"resolved": "https://artifactory.smartdev.ringieraxelspringer.tech/artifactory/api/npm/npm/@aws-sdk/types/-/types-3.310.0.tgz",
			"integrity": "sha512-j8eamQJ7YcIhw7fneUfs8LYl3t01k4uHi4ZDmNRgtbmbmTTG3FZc2MotStZnp3nZB6vLiPF1o5aoJxWVvkzS6A==",
			"dependencies": {
				"tslib": "^2.5.0"
			},
			"engines": {
				"node": ">=14.0.0"
			}
		},
		"node_modules/@aws-sdk/util-hex-encoding": {
			"version": "3.201.0",
			"resolved": "https://artifactory.smartdev.ringieraxelspringer.tech/artifactory/api/npm/npm/@aws-sdk/util-hex-encoding/-/util-hex-encoding-3.201.0.tgz",
			"integrity": "sha512-7t1vR1pVxKx0motd3X9rI3m/xNp78p3sHtP5yo4NP4ARpxyJ0fokBomY8ScaH2D/B+U5o9ARxldJUdMqyBlJcA==",
			"dependencies": {
				"tslib": "^2.3.1"
			},
			"engines": {
				"node": ">=14.0.0"
			}
		},
		"node_modules/@aws-sdk/util-middleware": {
			"version": "3.215.0",
			"resolved": "https://artifactory.smartdev.ringieraxelspringer.tech/artifactory/api/npm/npm/@aws-sdk/util-middleware/-/util-middleware-3.215.0.tgz",
			"integrity": "sha512-DfHGlFlQCr+T/xhjS36HH8JEThDVB5lg5NZ6x4Cibhyeps9YX/4ovLAIx3B19H34sdWhZi7q6LfslCHLRu2+7Q==",
			"dependencies": {
				"tslib": "^2.3.1"
			},
			"engines": {
				"node": ">=14.0.0"
			}
		},
		"node_modules/@aws-sdk/util-uri-escape": {
			"version": "3.201.0",
			"resolved": "https://artifactory.smartdev.ringieraxelspringer.tech/artifactory/api/npm/npm/@aws-sdk/util-uri-escape/-/util-uri-escape-3.201.0.tgz",
			"integrity": "sha512-TeTWbGx4LU2c5rx0obHeDFeO9HvwYwQtMh1yniBz00pQb6Qt6YVOETVQikRZ+XRQwEyCg/dA375UplIpiy54mA==",
			"dependencies": {
				"tslib": "^2.3.1"
			},
			"engines": {
				"node": ">=14.0.0"
			}
		},
		"node_modules/@aws-sdk/util-utf8-browser": {
			"version": "3.259.0",
			"resolved": "https://artifactory.smartdev.ringieraxelspringer.tech/artifactory/api/npm/npm/@aws-sdk/util-utf8-browser/-/util-utf8-browser-3.259.0.tgz",
			"integrity": "sha512-UvFa/vR+e19XookZF8RzFZBrw2EUkQWxiBW0yYQAhvk3C+QVGl0H3ouca8LDBlBfQKXwmW3huo/59H8rwb1wJw==",
			"dependencies": {
				"tslib": "^2.3.1"
			}
		},
		"node_modules/@next/env": {
			"version": "13.2.4",
			"resolved": "https://artifactory.smartdev.ringieraxelspringer.tech/artifactory/api/npm/npm/@next/env/-/env-13.2.4.tgz",
			"integrity": "sha512-+Mq3TtpkeeKFZanPturjcXt+KHfKYnLlX6jMLyCrmpq6OOs4i1GqBOAauSkii9QeKCMTYzGppar21JU57b/GEA=="
		},
		"node_modules/@next/swc-android-arm-eabi": {
			"version": "13.2.4",
			"resolved": "https://artifactory.smartdev.ringieraxelspringer.tech/artifactory/api/npm/npm/@next/swc-android-arm-eabi/-/swc-android-arm-eabi-13.2.4.tgz",
			"integrity": "sha512-DWlalTSkLjDU11MY11jg17O1gGQzpRccM9Oes2yTqj2DpHndajrXHGxj9HGtJ+idq2k7ImUdJVWS2h2l/EDJOw==",
			"optional": true,
			"engines": {
				"node": ">= 10"
			}
		},
		"node_modules/@next/swc-android-arm64": {
			"version": "13.2.4",
			"resolved": "https://artifactory.smartdev.ringieraxelspringer.tech/artifactory/api/npm/npm/@next/swc-android-arm64/-/swc-android-arm64-13.2.4.tgz",
			"integrity": "sha512-sRavmUImUCf332Gy+PjIfLkMhiRX1Ez4SI+3vFDRs1N5eXp+uNzjFUK/oLMMOzk6KFSkbiK/3Wt8+dHQR/flNg==",
			"optional": true,
			"engines": {
				"node": ">= 10"
			}
		},
		"node_modules/@next/swc-darwin-arm64": {
			"version": "13.2.4",
			"resolved": "https://artifactory.smartdev.ringieraxelspringer.tech/artifactory/api/npm/npm/@next/swc-darwin-arm64/-/swc-darwin-arm64-13.2.4.tgz",
			"integrity": "sha512-S6vBl+OrInP47TM3LlYx65betocKUUlTZDDKzTiRDbsRESeyIkBtZ6Qi5uT2zQs4imqllJznVjFd1bXLx3Aa6A==",
			"optional": true,
			"engines": {
				"node": ">= 10"
			}
		},
		"node_modules/@next/swc-darwin-x64": {
			"version": "13.2.4",
			"resolved": "https://artifactory.smartdev.ringieraxelspringer.tech/artifactory/api/npm/npm/@next/swc-darwin-x64/-/swc-darwin-x64-13.2.4.tgz",
			"integrity": "sha512-a6LBuoYGcFOPGd4o8TPo7wmv5FnMr+Prz+vYHopEDuhDoMSHOnC+v+Ab4D7F0NMZkvQjEJQdJS3rqgFhlZmKlw==",
			"optional": true,
			"engines": {
				"node": ">= 10"
			}
		},
		"node_modules/@next/swc-freebsd-x64": {
			"version": "13.2.4",
			"resolved": "https://artifactory.smartdev.ringieraxelspringer.tech/artifactory/api/npm/npm/@next/swc-freebsd-x64/-/swc-freebsd-x64-13.2.4.tgz",
			"integrity": "sha512-kkbzKVZGPaXRBPisoAQkh3xh22r+TD+5HwoC5bOkALraJ0dsOQgSMAvzMXKsN3tMzJUPS0tjtRf1cTzrQ0I5vQ==",
			"optional": true,
			"engines": {
				"node": ">= 10"
			}
		},
		"node_modules/@next/swc-linux-arm-gnueabihf": {
			"version": "13.2.4",
			"resolved": "https://artifactory.smartdev.ringieraxelspringer.tech/artifactory/api/npm/npm/@next/swc-linux-arm-gnueabihf/-/swc-linux-arm-gnueabihf-13.2.4.tgz",
			"integrity": "sha512-7qA1++UY0fjprqtjBZaOA6cas/7GekpjVsZn/0uHvquuITFCdKGFCsKNBx3S0Rpxmx6WYo0GcmhNRM9ru08BGg==",
			"optional": true,
			"engines": {
				"node": ">= 10"
			}
		},
		"node_modules/@next/swc-linux-arm64-gnu": {
			"version": "13.2.4",
			"resolved": "https://artifactory.smartdev.ringieraxelspringer.tech/artifactory/api/npm/npm/@next/swc-linux-arm64-gnu/-/swc-linux-arm64-gnu-13.2.4.tgz",
			"integrity": "sha512-xzYZdAeq883MwXgcwc72hqo/F/dwUxCukpDOkx/j1HTq/J0wJthMGjinN9wH5bPR98Mfeh1MZJ91WWPnZOedOg==",
			"optional": true,
			"engines": {
				"node": ">= 10"
			}
		},
		"node_modules/@next/swc-linux-arm64-musl": {
			"version": "13.2.4",
			"resolved": "https://artifactory.smartdev.ringieraxelspringer.tech/artifactory/api/npm/npm/@next/swc-linux-arm64-musl/-/swc-linux-arm64-musl-13.2.4.tgz",
			"integrity": "sha512-8rXr3WfmqSiYkb71qzuDP6I6R2T2tpkmf83elDN8z783N9nvTJf2E7eLx86wu2OJCi4T05nuxCsh4IOU3LQ5xw==",
			"optional": true,
			"engines": {
				"node": ">= 10"
			}
		},
		"node_modules/@next/swc-linux-x64-gnu": {
			"version": "13.2.4",
			"resolved": "https://artifactory.smartdev.ringieraxelspringer.tech/artifactory/api/npm/npm/@next/swc-linux-x64-gnu/-/swc-linux-x64-gnu-13.2.4.tgz",
			"integrity": "sha512-Ngxh51zGSlYJ4EfpKG4LI6WfquulNdtmHg1yuOYlaAr33KyPJp4HeN/tivBnAHcZkoNy0hh/SbwDyCnz5PFJQQ==",
			"optional": true,
			"engines": {
				"node": ">= 10"
			}
		},
		"node_modules/@next/swc-linux-x64-musl": {
			"version": "13.2.4",
			"resolved": "https://artifactory.smartdev.ringieraxelspringer.tech/artifactory/api/npm/npm/@next/swc-linux-x64-musl/-/swc-linux-x64-musl-13.2.4.tgz",
			"integrity": "sha512-gOvwIYoSxd+j14LOcvJr+ekd9fwYT1RyMAHOp7znA10+l40wkFiMONPLWiZuHxfRk+Dy7YdNdDh3ImumvL6VwA==",
			"optional": true,
			"engines": {
				"node": ">= 10"
			}
		},
		"node_modules/@next/swc-win32-arm64-msvc": {
			"version": "13.2.4",
			"resolved": "https://artifactory.smartdev.ringieraxelspringer.tech/artifactory/api/npm/npm/@next/swc-win32-arm64-msvc/-/swc-win32-arm64-msvc-13.2.4.tgz",
			"integrity": "sha512-q3NJzcfClgBm4HvdcnoEncmztxrA5GXqKeiZ/hADvC56pwNALt3ngDC6t6qr1YW9V/EPDxCYeaX4zYxHciW4Dw==",
			"optional": true,
			"engines": {
				"node": ">= 10"
			}
		},
		"node_modules/@next/swc-win32-ia32-msvc": {
			"version": "13.2.4",
			"resolved": "https://artifactory.smartdev.ringieraxelspringer.tech/artifactory/api/npm/npm/@next/swc-win32-ia32-msvc/-/swc-win32-ia32-msvc-13.2.4.tgz",
			"integrity": "sha512-/eZ5ncmHUYtD2fc6EUmAIZlAJnVT2YmxDsKs1Ourx0ttTtvtma/WKlMV5NoUsyOez0f9ExLyOpeCoz5aj+MPXw==",
			"optional": true,
			"engines": {
				"node": ">= 10"
			}
		},
		"node_modules/@next/swc-win32-x64-msvc": {
			"version": "13.2.4",
			"resolved": "https://artifactory.smartdev.ringieraxelspringer.tech/artifactory/api/npm/npm/@next/swc-win32-x64-msvc/-/swc-win32-x64-msvc-13.2.4.tgz",
			"integrity": "sha512-0MffFmyv7tBLlji01qc0IaPP/LVExzvj7/R5x1Jph1bTAIj4Vu81yFQWHHQAP6r4ff9Ukj1mBK6MDNVXm7Tcvw==",
			"optional": true,
			"engines": {
				"node": ">= 10"
			}
		},
		"node_modules/@ringieraxelspringer/tsconfig": {
			"version": "4.0.0",
			"resolved": "https://artifactory.smartdev.ringieraxelspringer.tech/artifactory/api/npm/npm/@ringieraxelspringer/tsconfig/-/tsconfig-4.0.0.tgz",
			"integrity": "sha512-PlNe93r14N8bNMUNpNNKSTfrvY3MLUPzExfsq9VBxjclrq+Dvt3gv4lBS/xIHvu+DuxQcwHzQ9tOKvkO2Z+9Dg==",
			"engines": {
				"node": "^10||^12||^14"
			},
			"peerDependencies": {
				"typescript": "^3||^4"
			}
		},
		"node_modules/@ringpublishing/graphql-api-client": {
			"version": "1.2.0",
			"resolved": "https://registry.npmjs.org/@ringpublishing/graphql-api-client/-/graphql-api-client-1.2.0.tgz",
			"integrity": "sha512-NqOcLqHQmyODRE3Ztq9mWPjLosV5m+5exxiChPgIkbZwxqG9attzB1crZ4ixeKq+dhUqOkWaGBtycdFE6XVsGA==",
			"dependencies": {
				"@aws-crypto/sha256-js": "~2.0.0",
				"@aws-sdk/protocol-http": "~3.215.0",
				"@aws-sdk/signature-v4": "~3.215.0",
				"got": "~11.8.0",
				"graphql": "~16.6.0",
				"graphql-tag": "~2.12.0"
			},
			"engines": {
				"node": ">=14.16"
			}
		},
		"node_modules/@sindresorhus/is": {
			"version": "4.6.0",
			"resolved": "https://artifactory.smartdev.ringieraxelspringer.tech/artifactory/api/npm/npm/@sindresorhus/is/-/is-4.6.0.tgz",
			"integrity": "sha512-t09vSN3MdfsyCHoFcTRCH/iUtG7OJ0CsjzB8cjAmKc/va/kIgeDI/TxsigdncE/4be734m0cvIYwNaV4i2XqAw==",
			"engines": {
				"node": ">=10"
			}
		},
		"node_modules/@swc/helpers": {
			"version": "0.4.14",
			"resolved": "https://artifactory.smartdev.ringieraxelspringer.tech/artifactory/api/npm/npm/@swc/helpers/-/helpers-0.4.14.tgz",
			"integrity": "sha512-4C7nX/dvpzB7za4Ql9K81xK3HPxCpHMgwTZVyf+9JQ6VUbn9jjZVN7/Nkdz/Ugzs2CSjqnL/UPXroiVBVHUWUw==",
			"dependencies": {
				"tslib": "^2.4.0"
			}
		},
		"node_modules/@szmarczak/http-timer": {
			"version": "4.0.6",
			"resolved": "https://artifactory.smartdev.ringieraxelspringer.tech/artifactory/api/npm/npm/@szmarczak/http-timer/-/http-timer-4.0.6.tgz",
			"integrity": "sha512-4BAffykYOgO+5nzBWYwE3W90sBgLJoUPRWWcL8wlyiM8IB8ipJz3UMJ9KXQd1RKQXpKp8Tutn80HZtWsu2u76w==",
			"dependencies": {
				"defer-to-connect": "^2.0.0"
			},
			"engines": {
				"node": ">=10"
			}
		},
		"node_modules/@types/cacheable-request": {
			"version": "6.0.3",
			"resolved": "https://artifactory.smartdev.ringieraxelspringer.tech/artifactory/api/npm/npm/@types/cacheable-request/-/cacheable-request-6.0.3.tgz",
			"integrity": "sha512-IQ3EbTzGxIigb1I3qPZc1rWJnH0BmSKv5QYTalEwweFvyBDLSAe24zP0le/hyi7ecGfZVlIVAg4BZqb8WBwKqw==",
			"dependencies": {
				"@types/http-cache-semantics": "*",
				"@types/keyv": "^3.1.4",
				"@types/node": "*",
				"@types/responselike": "^1.0.0"
			}
		},
		"node_modules/@types/http-cache-semantics": {
			"version": "4.0.1",
			"resolved": "https://artifactory.smartdev.ringieraxelspringer.tech/artifactory/api/npm/npm/@types/http-cache-semantics/-/http-cache-semantics-4.0.1.tgz",
			"integrity": "sha512-SZs7ekbP8CN0txVG2xVRH6EgKmEm31BOxA07vkFaETzZz1xh+cbt8BcI0slpymvwhx5dlFnQG2rTlPVQn+iRPQ=="
		},
		"node_modules/@types/keyv": {
			"version": "3.1.4",
			"resolved": "https://artifactory.smartdev.ringieraxelspringer.tech/artifactory/api/npm/npm/@types/keyv/-/keyv-3.1.4.tgz",
			"integrity": "sha512-BQ5aZNSCpj7D6K2ksrRCTmKRLEpnPvWDiLPfoGyhZ++8YtiK9d/3DBKPJgry359X/P1PfruyYwvnvwFjuEiEIg==",
			"dependencies": {
				"@types/node": "*"
			}
		},
		"node_modules/@types/node": {
			"version": "12.20.55",
			"resolved": "https://artifactory.smartdev.ringieraxelspringer.tech/artifactory/api/npm/npm/@types/node/-/node-12.20.55.tgz",
			"integrity": "sha512-J8xLz7q2OFulZ2cyGTLE1TbbZcjpno7FaN6zdJNrgAdrJ+DZzh/uFR6YrTb4C+nXakvud8Q4+rbhoIWlYQbUFQ=="
		},
		"node_modules/@types/prop-types": {
			"version": "15.7.5",
			"resolved": "https://artifactory.smartdev.ringieraxelspringer.tech/artifactory/api/npm/npm/@types/prop-types/-/prop-types-15.7.5.tgz",
			"integrity": "sha512-JCB8C6SnDoQf0cNycqd/35A7MjcnK+ZTqE7judS6o7utxUCg6imJg3QK2qzHKszlTjcj2cn+NwMB2i96ubpj7w==",
			"dev": true
		},
		"node_modules/@types/react": {
			"version": "18.0.26",
			"resolved": "https://artifactory.smartdev.ringieraxelspringer.tech/artifactory/api/npm/npm/@types/react/-/react-18.0.26.tgz",
			"integrity": "sha512-hCR3PJQsAIXyxhTNSiDFY//LhnMZWpNNr5etoCqx/iUfGc5gXWtQR2Phl908jVR6uPXacojQWTg4qRpkxTuGug==",
			"dev": true,
			"dependencies": {
				"@types/prop-types": "*",
				"@types/scheduler": "*",
				"csstype": "^3.0.2"
			}
		},
		"node_modules/@types/react-dom": {
			"version": "18.0.9",
			"resolved": "https://artifactory.smartdev.ringieraxelspringer.tech/artifactory/api/npm/npm/@types/react-dom/-/react-dom-18.0.9.tgz",
			"integrity": "sha512-qnVvHxASt/H7i+XG1U1xMiY5t+IHcPGUK7TDMDzom08xa7e86eCeKOiLZezwCKVxJn6NEiiy2ekgX8aQssjIKg==",
			"dev": true,
			"dependencies": {
				"@types/react": "*"
			}
		},
		"node_modules/@types/responselike": {
			"version": "1.0.0",
			"resolved": "https://artifactory.smartdev.ringieraxelspringer.tech/artifactory/api/npm/npm/@types/responselike/-/responselike-1.0.0.tgz",
			"integrity": "sha512-85Y2BjiufFzaMIlvJDvTTB8Fxl2xfLo4HgmHzVBz08w4wDePCTjYw66PdrolO0kzli3yam/YCgRufyo1DdQVTA==",
			"dependencies": {
				"@types/node": "*"
			}
		},
		"node_modules/@types/scheduler": {
			"version": "0.16.3",
			"resolved": "https://artifactory.smartdev.ringieraxelspringer.tech/artifactory/api/npm/npm/@types/scheduler/-/scheduler-0.16.3.tgz",
			"integrity": "sha512-5cJ8CB4yAx7BH1oMvdU0Jh9lrEXyPkar6F9G/ERswkCuvP4KQZfZkSjcMbAICCpQTN4OuZn8tz0HiKv9TGZgrQ==",
			"dev": true
		},
		"node_modules/boolbase": {
			"version": "1.0.0",
			"resolved": "https://artifactory.smartdev.ringieraxelspringer.tech/artifactory/api/npm/npm/boolbase/-/boolbase-1.0.0.tgz",
			"integrity": "sha512-JZOSA7Mo9sNGB8+UjSgzdLtokWAky1zbztM3WRLCbZ70/3cTANmQmOdR7y2g+J0e2WXywy1yS468tY+IruqEww=="
		},
		"node_modules/cacheable-lookup": {
			"version": "5.0.4",
			"resolved": "https://artifactory.smartdev.ringieraxelspringer.tech/artifactory/api/npm/npm/cacheable-lookup/-/cacheable-lookup-5.0.4.tgz",
			"integrity": "sha512-2/kNscPhpcxrOigMZzbiWF7dz8ilhb/nIHU3EyZiXWXpeq/au8qJ8VhdftMkty3n7Gj6HIGalQG8oiBNB3AJgA==",
			"engines": {
				"node": ">=10.6.0"
			}
		},
		"node_modules/cacheable-request": {
			"version": "7.0.2",
			"resolved": "https://artifactory.smartdev.ringieraxelspringer.tech/artifactory/api/npm/npm/cacheable-request/-/cacheable-request-7.0.2.tgz",
			"integrity": "sha512-pouW8/FmiPQbuGpkXQ9BAPv/Mo5xDGANgSNXzTzJ8DrKGuXOssM4wIQRjfanNRh3Yu5cfYPvcorqbhg2KIJtew==",
			"dependencies": {
				"clone-response": "^1.0.2",
				"get-stream": "^5.1.0",
				"http-cache-semantics": "^4.0.0",
				"keyv": "^4.0.0",
				"lowercase-keys": "^2.0.0",
				"normalize-url": "^6.0.1",
				"responselike": "^2.0.0"
			},
			"engines": {
				"node": ">=8"
			}
		},
		"node_modules/caniuse-lite": {
			"version": "1.0.30001478",
			"resolved": "https://artifactory.smartdev.ringieraxelspringer.tech/artifactory/api/npm/npm/caniuse-lite/-/caniuse-lite-1.0.30001478.tgz",
			"integrity": "sha512-gMhDyXGItTHipJj2ApIvR+iVB5hd0KP3svMWWXDvZOmjzJJassGLMfxRkQCSYgGd2gtdL/ReeiyvMSFD1Ss6Mw=="
		},
		"node_modules/cheerio": {
			"version": "1.0.0-rc.12",
			"resolved": "https://artifactory.smartdev.ringieraxelspringer.tech/artifactory/api/npm/npm/cheerio/-/cheerio-1.0.0-rc.12.tgz",
			"integrity": "sha512-VqR8m68vM46BNnuZ5NtnGBKIE/DfN0cRIzg9n40EIq9NOv90ayxLBXA8fXC5gquFRGJSTRqBq25Jt2ECLR431Q==",
			"dependencies": {
				"cheerio-select": "^2.1.0",
				"dom-serializer": "^2.0.0",
				"domhandler": "^5.0.3",
				"domutils": "^3.0.1",
				"htmlparser2": "^8.0.1",
				"parse5": "^7.0.0",
				"parse5-htmlparser2-tree-adapter": "^7.0.0"
			},
			"engines": {
				"node": ">= 6"
			}
		},
		"node_modules/cheerio-select": {
			"version": "2.1.0",
			"resolved": "https://artifactory.smartdev.ringieraxelspringer.tech/artifactory/api/npm/npm/cheerio-select/-/cheerio-select-2.1.0.tgz",
			"integrity": "sha512-9v9kG0LvzrlcungtnJtpGNxY+fzECQKhK4EGJX2vByejiMX84MFNQw4UxPJl3bFbTMw+Dfs37XaIkCwTZfLh4g==",
			"dependencies": {
				"boolbase": "^1.0.0",
				"css-select": "^5.1.0",
				"css-what": "^6.1.0",
				"domelementtype": "^2.3.0",
				"domhandler": "^5.0.3",
				"domutils": "^3.0.1"
			}
		},
		"node_modules/client-only": {
			"version": "0.0.1",
			"resolved": "https://artifactory.smartdev.ringieraxelspringer.tech/artifactory/api/npm/npm/client-only/-/client-only-0.0.1.tgz",
			"integrity": "sha512-IV3Ou0jSMzZrd3pZ48nLkT9DA7Ag1pnPzaiQhpW7c3RbcqqzvzzVu+L8gfqMp/8IM2MQtSiqaCxrrcfu8I8rMA=="
		},
		"node_modules/clone-response": {
			"version": "1.0.3",
			"resolved": "https://artifactory.smartdev.ringieraxelspringer.tech/artifactory/api/npm/npm/clone-response/-/clone-response-1.0.3.tgz",
			"integrity": "sha512-ROoL94jJH2dUVML2Y/5PEDNaSHgeOdSDicUyS7izcF63G6sTc/FTjLub4b8Il9S8S0beOfYt0TaA5qvFK+w0wA==",
			"dependencies": {
				"mimic-response": "^1.0.0"
			}
		},
		"node_modules/css-select": {
			"version": "5.1.0",
			"resolved": "https://artifactory.smartdev.ringieraxelspringer.tech/artifactory/api/npm/npm/css-select/-/css-select-5.1.0.tgz",
			"integrity": "sha512-nwoRF1rvRRnnCqqY7updORDsuqKzqYJ28+oSMaJMMgOauh3fvwHqMS7EZpIPqK8GL+g9mKxF1vP/ZjSeNjEVHg==",
			"dependencies": {
				"boolbase": "^1.0.0",
				"css-what": "^6.1.0",
				"domhandler": "^5.0.2",
				"domutils": "^3.0.1",
				"nth-check": "^2.0.1"
			}
		},
		"node_modules/css-what": {
			"version": "6.1.0",
			"resolved": "https://artifactory.smartdev.ringieraxelspringer.tech/artifactory/api/npm/npm/css-what/-/css-what-6.1.0.tgz",
			"integrity": "sha512-HTUrgRJ7r4dsZKU6GjmpfRK1O76h97Z8MfS1G0FozR+oF2kG6Vfe8JE6zwrkbxigziPHinCJ+gCPjA9EaBDtRw==",
			"engines": {
				"node": ">= 6"
			}
		},
		"node_modules/csstype": {
			"version": "3.1.2",
			"resolved": "https://artifactory.smartdev.ringieraxelspringer.tech/artifactory/api/npm/npm/csstype/-/csstype-3.1.2.tgz",
			"integrity": "sha512-I7K1Uu0MBPzaFKg4nI5Q7Vs2t+3gWWW648spaF+Rg7pI9ds18Ugn+lvg4SHczUdKlHI5LWBXyqfS8+DufyBsgQ==",
			"dev": true
		},
		"node_modules/date-fns": {
			"version": "2.29.3",
			"resolved": "https://artifactory.smartdev.ringieraxelspringer.tech/artifactory/api/npm/npm/date-fns/-/date-fns-2.29.3.tgz",
			"integrity": "sha512-dDCnyH2WnnKusqvZZ6+jA1O51Ibt8ZMRNkDZdyAyK4YfbDwa/cEmuztzG5pk6hqlp9aSBPYcjOlktquahGwGeA==",
			"engines": {
				"node": ">=0.11"
			}
		},
		"node_modules/date-fns-tz": {
			"version": "2.0.0",
			"resolved": "https://artifactory.smartdev.ringieraxelspringer.tech/artifactory/api/npm/npm/date-fns-tz/-/date-fns-tz-2.0.0.tgz",
			"integrity": "sha512-OAtcLdB9vxSXTWHdT8b398ARImVwQMyjfYGkKD2zaGpHseG2UPHbHjXELReErZFxWdSLph3c2zOaaTyHfOhERQ==",
			"peerDependencies": {
				"date-fns": ">=2.0.0"
			}
		},
		"node_modules/decompress-response": {
			"version": "6.0.0",
			"resolved": "https://artifactory.smartdev.ringieraxelspringer.tech/artifactory/api/npm/npm/decompress-response/-/decompress-response-6.0.0.tgz",
			"integrity": "sha512-aW35yZM6Bb/4oJlZncMH2LCoZtJXTRxES17vE3hoRiowU2kWHaJKFkSBDnDR+cm9J+9QhXmREyIfv0pji9ejCQ==",
			"dependencies": {
				"mimic-response": "^3.1.0"
			},
			"engines": {
				"node": ">=10"
			}
		},
		"node_modules/decompress-response/node_modules/mimic-response": {
			"version": "3.1.0",
			"resolved": "https://artifactory.smartdev.ringieraxelspringer.tech/artifactory/api/npm/npm/mimic-response/-/mimic-response-3.1.0.tgz",
			"integrity": "sha512-z0yWI+4FDrrweS8Zmt4Ej5HdJmky15+L2e6Wgn3+iK5fWzb6T3fhNFq2+MeTRb064c6Wr4N/wv0DzQTjNzHNGQ==",
			"engines": {
				"node": ">=10"
			}
		},
		"node_modules/defer-to-connect": {
			"version": "2.0.1",
			"resolved": "https://artifactory.smartdev.ringieraxelspringer.tech/artifactory/api/npm/npm/defer-to-connect/-/defer-to-connect-2.0.1.tgz",
			"integrity": "sha512-4tvttepXG1VaYGrRibk5EwJd1t4udunSOVMdLSAL6mId1ix438oPwPZMALY41FCijukO1L0twNcGsdzS7dHgDg==",
			"engines": {
				"node": ">=10"
			}
		},
		"node_modules/dom-serializer": {
			"version": "2.0.0",
			"resolved": "https://artifactory.smartdev.ringieraxelspringer.tech/artifactory/api/npm/npm/dom-serializer/-/dom-serializer-2.0.0.tgz",
			"integrity": "sha512-wIkAryiqt/nV5EQKqQpo3SToSOV9J0DnbJqwK7Wv/Trc92zIAYZ4FlMu+JPFW1DfGFt81ZTCGgDEabffXeLyJg==",
			"dependencies": {
				"domelementtype": "^2.3.0",
				"domhandler": "^5.0.2",
				"entities": "^4.2.0"
			}
		},
		"node_modules/domelementtype": {
			"version": "2.3.0",
			"resolved": "https://artifactory.smartdev.ringieraxelspringer.tech/artifactory/api/npm/npm/domelementtype/-/domelementtype-2.3.0.tgz",
			"integrity": "sha512-OLETBj6w0OsagBwdXnPdN0cnMfF9opN69co+7ZrbfPGrdpPVNBUj02spi6B1N7wChLQiPn4CSH/zJvXw56gmHw=="
		},
		"node_modules/domhandler": {
			"version": "5.0.3",
			"resolved": "https://artifactory.smartdev.ringieraxelspringer.tech/artifactory/api/npm/npm/domhandler/-/domhandler-5.0.3.tgz",
			"integrity": "sha512-cgwlv/1iFQiFnU96XXgROh8xTeetsnJiDsTc7TYCLFd9+/WNkIqPTxiM/8pSd8VIrhXGTf1Ny1q1hquVqDJB5w==",
			"dependencies": {
				"domelementtype": "^2.3.0"
			},
			"engines": {
				"node": ">= 4"
			}
		},
		"node_modules/domutils": {
			"version": "3.0.1",
			"resolved": "https://artifactory.smartdev.ringieraxelspringer.tech/artifactory/api/npm/npm/domutils/-/domutils-3.0.1.tgz",
			"integrity": "sha512-z08c1l761iKhDFtfXO04C7kTdPBLi41zwOZl00WS8b5eiaebNpY00HKbztwBq+e3vyqWNwWF3mP9YLUeqIrF+Q==",
			"dependencies": {
				"dom-serializer": "^2.0.0",
				"domelementtype": "^2.3.0",
				"domhandler": "^5.0.1"
			}
		},
		"node_modules/end-of-stream": {
			"version": "1.4.4",
			"resolved": "https://artifactory.smartdev.ringieraxelspringer.tech/artifactory/api/npm/npm/end-of-stream/-/end-of-stream-1.4.4.tgz",
			"integrity": "sha512-+uw1inIHVPQoaVuHzRyXd21icM+cnt4CzD5rW+NC1wjOUSTOs+Te7FOv7AhN7vS9x/oIyhLP5PR1H+phQAHu5Q==",
			"dependencies": {
				"once": "^1.4.0"
			}
		},
		"node_modules/entities": {
			"version": "4.4.0",
			"resolved": "https://artifactory.smartdev.ringieraxelspringer.tech/artifactory/api/npm/npm/entities/-/entities-4.4.0.tgz",
			"integrity": "sha512-oYp7156SP8LkeGD0GF85ad1X9Ai79WtRsZ2gxJqtBuzH+98YUV6jkHEKlZkMbcrjJjIVJNIDP/3WL9wQkoPbWA==",
			"engines": {
				"node": ">=0.12"
			}
		},
		"node_modules/get-stream": {
			"version": "5.2.0",
			"resolved": "https://artifactory.smartdev.ringieraxelspringer.tech/artifactory/api/npm/npm/get-stream/-/get-stream-5.2.0.tgz",
			"integrity": "sha512-nBF+F1rAZVCu/p7rjzgA+Yb4lfYXrpl7a6VmJrU8wF9I1CKvP/QwPNZHnOlwbTkY6dvtFIzFMSyQXbLoTQPRpA==",
			"dependencies": {
				"pump": "^3.0.0"
			},
			"engines": {
				"node": ">=8"
			}
		},
		"node_modules/got": {
			"version": "11.8.6",
			"resolved": "https://artifactory.smartdev.ringieraxelspringer.tech/artifactory/api/npm/npm/got/-/got-11.8.6.tgz",
			"integrity": "sha512-6tfZ91bOr7bOXnK7PRDCGBLa1H4U080YHNaAQ2KsMGlLEzRbk44nsZF2E1IeRc3vtJHPVbKCYgdFbaGO2ljd8g==",
			"dependencies": {
				"@sindresorhus/is": "^4.0.0",
				"@szmarczak/http-timer": "^4.0.5",
				"@types/cacheable-request": "^6.0.1",
				"@types/responselike": "^1.0.0",
				"cacheable-lookup": "^5.0.3",
				"cacheable-request": "^7.0.2",
				"decompress-response": "^6.0.0",
				"http2-wrapper": "^1.0.0-beta.5.2",
				"lowercase-keys": "^2.0.0",
				"p-cancelable": "^2.0.0",
				"responselike": "^2.0.0"
			},
			"engines": {
				"node": ">=10.19.0"
			}
		},
		"node_modules/graphql": {
			"version": "16.6.0",
			"resolved": "https://registry.npmjs.org/graphql/-/graphql-16.6.0.tgz",
			"integrity": "sha512-KPIBPDlW7NxrbT/eh4qPXz5FiFdL5UbaA0XUNz2Rp3Z3hqBSkbj0GVjwFDztsWVauZUWsbKHgMg++sk8UX0bkw==",
			"engines": {
				"node": "^12.22.0 || ^14.16.0 || ^16.0.0 || >=17.0.0"
			}
		},
		"node_modules/graphql-tag": {
			"version": "2.12.6",
			"resolved": "https://registry.npmjs.org/graphql-tag/-/graphql-tag-2.12.6.tgz",
			"integrity": "sha512-FdSNcu2QQcWnM2VNvSCCDCVS5PpPqpzgFT8+GXzqJuoDd0CBncxCY278u4mhRO7tMgo2JjgJA5aZ+nWSQ/Z+xg==",
			"dependencies": {
				"tslib": "^2.1.0"
			},
			"engines": {
				"node": ">=10"
			},
			"peerDependencies": {
				"graphql": "^0.9.0 || ^0.10.0 || ^0.11.0 || ^0.12.0 || ^0.13.0 || ^14.0.0 || ^15.0.0 || ^16.0.0"
			}
		},
		"node_modules/htmlparser2": {
			"version": "8.0.2",
			"resolved": "https://artifactory.smartdev.ringieraxelspringer.tech/artifactory/api/npm/npm/htmlparser2/-/htmlparser2-8.0.2.tgz",
			"integrity": "sha512-GYdjWKDkbRLkZ5geuHs5NY1puJ+PXwP7+fHPRz06Eirsb9ugf6d8kkXav6ADhcODhFFPMIXyxkxSuMf3D6NCFA==",
			"dependencies": {
				"domelementtype": "^2.3.0",
				"domhandler": "^5.0.3",
				"domutils": "^3.0.1",
				"entities": "^4.4.0"
			}
		},
		"node_modules/http-cache-semantics": {
			"version": "4.1.1",
			"resolved": "https://artifactory.smartdev.ringieraxelspringer.tech/artifactory/api/npm/npm/http-cache-semantics/-/http-cache-semantics-4.1.1.tgz",
			"integrity": "sha512-er295DKPVsV82j5kw1Gjt+ADA/XYHsajl82cGNQG2eyoPkvgUhX+nDIyelzhIWbbsXP39EHcI6l5tYs2FYqYXQ=="
		},
		"node_modules/http2-wrapper": {
			"version": "1.0.3",
			"resolved": "https://artifactory.smartdev.ringieraxelspringer.tech/artifactory/api/npm/npm/http2-wrapper/-/http2-wrapper-1.0.3.tgz",
			"integrity": "sha512-V+23sDMr12Wnz7iTcDeJr3O6AIxlnvT/bmaAAAP/Xda35C90p9599p0F1eHR/N1KILWSoWVAiOMFjBBXaXSMxg==",
			"dependencies": {
				"quick-lru": "^5.1.1",
				"resolve-alpn": "^1.0.0"
			},
			"engines": {
				"node": ">=10.19.0"
			}
		},
		"node_modules/js-tokens": {
			"version": "4.0.0",
			"resolved": "https://artifactory.smartdev.ringieraxelspringer.tech/artifactory/api/npm/npm/js-tokens/-/js-tokens-4.0.0.tgz",
			"integrity": "sha512-RdJUflcE3cUzKiMqQgsCu06FPu9UdIJO0beYbPhHN4k6apgJtifcoCtT9bcxOpYBtpD2kCM6Sbzg4CausW/PKQ=="
		},
		"node_modules/json-buffer": {
			"version": "3.0.1",
			"resolved": "https://artifactory.smartdev.ringieraxelspringer.tech/artifactory/api/npm/npm/json-buffer/-/json-buffer-3.0.1.tgz",
			"integrity": "sha512-4bV5BfR2mqfQTJm+V5tPPdf+ZpuhiIvTuAB5g8kcrXOZpTT/QwwVRWBywX1ozr6lEuPdbHxwaJlm9G6mI2sfSQ=="
		},
		"node_modules/keyv": {
			"version": "4.5.2",
			"resolved": "https://artifactory.smartdev.ringieraxelspringer.tech/artifactory/api/npm/npm/keyv/-/keyv-4.5.2.tgz",
			"integrity": "sha512-5MHbFaKn8cNSmVW7BYnijeAVlE4cYA/SVkifVgrh7yotnfhKmjuXpDKjrABLnT0SfHWV21P8ow07OGfRrNDg8g==",
			"dependencies": {
				"json-buffer": "3.0.1"
			}
		},
		"node_modules/lodash": {
			"version": "4.17.21",
			"resolved": "https://artifactory.smartdev.ringieraxelspringer.tech/artifactory/api/npm/npm/lodash/-/lodash-4.17.21.tgz",
			"integrity": "sha512-v2kDEe57lecTulaDIuNTPy3Ry4gLGJ6Z1O3vE1krgXZNrsQ+LFTGHVxVjcXPs17LhbZVGedAJv8XZ1tvj5FvSg=="
		},
		"node_modules/loose-envify": {
			"version": "1.4.0",
			"resolved": "https://artifactory.smartdev.ringieraxelspringer.tech/artifactory/api/npm/npm/loose-envify/-/loose-envify-1.4.0.tgz",
			"integrity": "sha512-lyuxPGr/Wfhrlem2CL/UcnUc1zcqKAImBDzukY7Y5F/yQiNdko6+fRLevlw1HgMySw7f611UIY408EtxRSoK3Q==",
			"dependencies": {
				"js-tokens": "^3.0.0 || ^4.0.0"
			},
			"bin": {
				"loose-envify": "cli.js"
			}
		},
		"node_modules/lowercase-keys": {
			"version": "2.0.0",
			"resolved": "https://artifactory.smartdev.ringieraxelspringer.tech/artifactory/api/npm/npm/lowercase-keys/-/lowercase-keys-2.0.0.tgz",
			"integrity": "sha512-tqNXrS78oMOE73NMxK4EMLQsQowWf8jKooH9g7xPavRT706R6bkQJ6DY2Te7QukaZsulxa30wQ7bk0pm4XiHmA==",
			"engines": {
				"node": ">=8"
			}
		},
		"node_modules/mimic-response": {
			"version": "1.0.1",
			"resolved": "https://artifactory.smartdev.ringieraxelspringer.tech/artifactory/api/npm/npm/mimic-response/-/mimic-response-1.0.1.tgz",
			"integrity": "sha512-j5EctnkH7amfV/q5Hgmoal1g2QHFJRraOtmx0JpIqkxhBhI/lJSl1nMpQ45hVarwNETOoWEimndZ4QK0RHxuxQ==",
			"engines": {
				"node": ">=4"
			}
		},
		"node_modules/nanoid": {
			"version": "3.3.6",
			"resolved": "https://artifactory.smartdev.ringieraxelspringer.tech/artifactory/api/npm/npm/nanoid/-/nanoid-3.3.6.tgz",
			"integrity": "sha512-BGcqMMJuToF7i1rt+2PWSNVnWIkGCU78jBG3RxO/bZlnZPK2Cmi2QaffxGO/2RvWi9sL+FAiRiXMgsyxQ1DIDA==",
			"bin": {
				"nanoid": "bin/nanoid.cjs"
			},
			"engines": {
				"node": "^10 || ^12 || ^13.7 || ^14 || >=15.0.1"
			}
		},
		"node_modules/next": {
			"version": "13.2.4",
			"resolved": "https://artifactory.smartdev.ringieraxelspringer.tech/artifactory/api/npm/npm/next/-/next-13.2.4.tgz",
			"integrity": "sha512-g1I30317cThkEpvzfXujf0O4wtaQHtDCLhlivwlTJ885Ld+eOgcz7r3TGQzeU+cSRoNHtD8tsJgzxVdYojFssw==",
			"dependencies": {
				"@next/env": "13.2.4",
				"@swc/helpers": "0.4.14",
				"caniuse-lite": "^1.0.30001406",
				"postcss": "8.4.14",
				"styled-jsx": "5.1.1"
			},
			"bin": {
				"next": "dist/bin/next"
			},
			"engines": {
				"node": ">=14.6.0"
			},
			"optionalDependencies": {
				"@next/swc-android-arm-eabi": "13.2.4",
				"@next/swc-android-arm64": "13.2.4",
				"@next/swc-darwin-arm64": "13.2.4",
				"@next/swc-darwin-x64": "13.2.4",
				"@next/swc-freebsd-x64": "13.2.4",
				"@next/swc-linux-arm-gnueabihf": "13.2.4",
				"@next/swc-linux-arm64-gnu": "13.2.4",
				"@next/swc-linux-arm64-musl": "13.2.4",
				"@next/swc-linux-x64-gnu": "13.2.4",
				"@next/swc-linux-x64-musl": "13.2.4",
				"@next/swc-win32-arm64-msvc": "13.2.4",
				"@next/swc-win32-ia32-msvc": "13.2.4",
				"@next/swc-win32-x64-msvc": "13.2.4"
			},
			"peerDependencies": {
				"@opentelemetry/api": "^1.4.0",
				"fibers": ">= 3.1.0",
				"node-sass": "^6.0.0 || ^7.0.0",
				"react": "^18.2.0",
				"react-dom": "^18.2.0",
				"sass": "^1.3.0"
			},
			"peerDependenciesMeta": {
				"@opentelemetry/api": {
					"optional": true
				},
				"fibers": {
					"optional": true
				},
				"node-sass": {
					"optional": true
				},
				"sass": {
					"optional": true
				}
			}
		},
		"node_modules/normalize-url": {
			"version": "6.1.0",
			"resolved": "https://artifactory.smartdev.ringieraxelspringer.tech/artifactory/api/npm/npm/normalize-url/-/normalize-url-6.1.0.tgz",
			"integrity": "sha512-DlL+XwOy3NxAQ8xuC0okPgK46iuVNAK01YN7RueYBqqFeGsBjV9XmCAzAdgt+667bCl5kPh9EqKKDwnaPG1I7A==",
			"engines": {
				"node": ">=10"
			}
		},
		"node_modules/nth-check": {
			"version": "2.1.1",
			"resolved": "https://artifactory.smartdev.ringieraxelspringer.tech/artifactory/api/npm/npm/nth-check/-/nth-check-2.1.1.tgz",
			"integrity": "sha512-lqjrjmaOoAnWfMmBPL+XNnynZh2+swxiX3WUE0s4yEHI6m+AwrK2UZOimIRl3X/4QctVqS8AiZjFqyOGrMXb/w==",
			"dependencies": {
				"boolbase": "^1.0.0"
			}
		},
		"node_modules/once": {
			"version": "1.4.0",
			"resolved": "https://artifactory.smartdev.ringieraxelspringer.tech/artifactory/api/npm/npm/once/-/once-1.4.0.tgz",
			"integrity": "sha512-lNaJgI+2Q5URQBkccEKHTQOPaXdUxnZZElQTZY0MFUAuaEqe1E+Nyvgdz/aIyNi6Z9MzO5dv1H8n58/GELp3+w==",
			"dependencies": {
				"wrappy": "1"
			}
		},
		"node_modules/p-cancelable": {
			"version": "2.1.1",
			"resolved": "https://artifactory.smartdev.ringieraxelspringer.tech/artifactory/api/npm/npm/p-cancelable/-/p-cancelable-2.1.1.tgz",
			"integrity": "sha512-BZOr3nRQHOntUjTrH8+Lh54smKHoHyur8We1V8DSMVrl5A2malOOwuJRnKRDjSnkoeBh4at6BwEnb5I7Jl31wg==",
			"engines": {
				"node": ">=8"
			}
		},
		"node_modules/parse5": {
			"version": "7.1.2",
			"resolved": "https://artifactory.smartdev.ringieraxelspringer.tech/artifactory/api/npm/npm/parse5/-/parse5-7.1.2.tgz",
			"integrity": "sha512-Czj1WaSVpaoj0wbhMzLmWD69anp2WH7FXMB9n1Sy8/ZFF9jolSQVMu1Ij5WIyGmcBmhk7EOndpO4mIpihVqAXw==",
			"dependencies": {
				"entities": "^4.4.0"
			}
		},
		"node_modules/parse5-htmlparser2-tree-adapter": {
			"version": "7.0.0",
			"resolved": "https://artifactory.smartdev.ringieraxelspringer.tech/artifactory/api/npm/npm/parse5-htmlparser2-tree-adapter/-/parse5-htmlparser2-tree-adapter-7.0.0.tgz",
			"integrity": "sha512-B77tOZrqqfUfnVcOrUvfdLbz4pu4RopLD/4vmu3HUPswwTA8OH0EMW9BlWR2B0RCoiZRAHEUu7IxeP1Pd1UU+g==",
			"dependencies": {
				"domhandler": "^5.0.2",
				"parse5": "^7.0.0"
			}
		},
		"node_modules/picocolors": {
			"version": "1.0.0",
			"resolved": "https://artifactory.smartdev.ringieraxelspringer.tech/artifactory/api/npm/npm/picocolors/-/picocolors-1.0.0.tgz",
			"integrity": "sha512-1fygroTLlHu66zi26VoTDv8yRgm0Fccecssto+MhsZ0D/DGW2sm8E8AjW7NU5VVTRt5GxbeZ5qBuJr+HyLYkjQ=="
		},
		"node_modules/postcss": {
			"version": "8.4.14",
			"resolved": "https://artifactory.smartdev.ringieraxelspringer.tech/artifactory/api/npm/npm/postcss/-/postcss-8.4.14.tgz",
			"integrity": "sha512-E398TUmfAYFPBSdzgeieK2Y1+1cpdxJx8yXbK/m57nRhKSmk1GB2tO4lbLBtlkfPQTDKfe4Xqv1ASWPpayPEig==",
			"dependencies": {
				"nanoid": "^3.3.4",
				"picocolors": "^1.0.0",
				"source-map-js": "^1.0.2"
			},
			"engines": {
				"node": "^10 || ^12 || >=14"
			}
		},
		"node_modules/pump": {
			"version": "3.0.0",
			"resolved": "https://artifactory.smartdev.ringieraxelspringer.tech/artifactory/api/npm/npm/pump/-/pump-3.0.0.tgz",
			"integrity": "sha512-LwZy+p3SFs1Pytd/jYct4wpv49HiYCqd9Rlc5ZVdk0V+8Yzv6jR5Blk3TRmPL1ft69TxP0IMZGJ+WPFU2BFhww==",
			"dependencies": {
				"end-of-stream": "^1.1.0",
				"once": "^1.3.1"
			}
		},
		"node_modules/quick-lru": {
			"version": "5.1.1",
			"resolved": "https://artifactory.smartdev.ringieraxelspringer.tech/artifactory/api/npm/npm/quick-lru/-/quick-lru-5.1.1.tgz",
			"integrity": "sha512-WuyALRjWPDGtt/wzJiadO5AXY+8hZ80hVpe6MyivgraREW751X3SbhRvG3eLKOYN+8VEvqLcf3wdnt44Z4S4SA==",
			"engines": {
				"node": ">=10"
			}
		},
		"node_modules/react": {
			"version": "18.2.0",
			"resolved": "https://artifactory.smartdev.ringieraxelspringer.tech/artifactory/api/npm/npm/react/-/react-18.2.0.tgz",
			"integrity": "sha512-/3IjMdb2L9QbBdWiW5e3P2/npwMBaU9mHCSCUzNln0ZCYbcfTsGbTJrU/kGemdH2IWmB2ioZ+zkxtmq6g09fGQ==",
			"dependencies": {
				"loose-envify": "^1.1.0"
			},
			"engines": {
				"node": ">=0.10.0"
			}
		},
		"node_modules/react-dom": {
			"version": "18.2.0",
			"resolved": "https://artifactory.smartdev.ringieraxelspringer.tech/artifactory/api/npm/npm/react-dom/-/react-dom-18.2.0.tgz",
			"integrity": "sha512-6IMTriUmvsjHUjNtEDudZfuDQUoWXVxKHhlEGSk81n4YFS+r/Kl99wXiwlVXtPBtJenozv2P+hxDsw9eA7Xo6g==",
			"dependencies": {
				"loose-envify": "^1.1.0",
				"scheduler": "^0.23.0"
			},
			"peerDependencies": {
				"react": "^18.2.0"
			}
		},
		"node_modules/resolve-alpn": {
			"version": "1.2.1",
			"resolved": "https://artifactory.smartdev.ringieraxelspringer.tech/artifactory/api/npm/npm/resolve-alpn/-/resolve-alpn-1.2.1.tgz",
			"integrity": "sha512-0a1F4l73/ZFZOakJnQ3FvkJ2+gSTQWz/r2KE5OdDY0TxPm5h4GkqkWWfM47T7HsbnOtcJVEF4epCVy6u7Q3K+g=="
		},
		"node_modules/responselike": {
			"version": "2.0.1",
			"resolved": "https://artifactory.smartdev.ringieraxelspringer.tech/artifactory/api/npm/npm/responselike/-/responselike-2.0.1.tgz",
			"integrity": "sha512-4gl03wn3hj1HP3yzgdI7d3lCkF95F21Pz4BPGvKHinyQzALR5CapwC8yIi0Rh58DEMQ/SguC03wFj2k0M/mHhw==",
			"dependencies": {
				"lowercase-keys": "^2.0.0"
			}
		},
		"node_modules/scheduler": {
			"version": "0.23.0",
			"resolved": "https://artifactory.smartdev.ringieraxelspringer.tech/artifactory/api/npm/npm/scheduler/-/scheduler-0.23.0.tgz",
			"integrity": "sha512-CtuThmgHNg7zIZWAXi3AsyIzA3n4xx7aNyjwC2VJldO2LMVDhFK+63xGqq6CsJH4rTAt6/M+N4GhZiDYPx9eUw==",
			"dependencies": {
				"loose-envify": "^1.1.0"
			}
		},
		"node_modules/source-map-js": {
			"version": "1.0.2",
			"resolved": "https://artifactory.smartdev.ringieraxelspringer.tech/artifactory/api/npm/npm/source-map-js/-/source-map-js-1.0.2.tgz",
			"integrity": "sha512-R0XvVJ9WusLiqTCEiGCmICCMplcCkIwwR11mOSD9CR5u+IXYdiseeEuXCVAjS54zqwkLcPNnmU4OeJ6tUrWhDw==",
			"engines": {
				"node": ">=0.10.0"
			}
		},
		"node_modules/styled-jsx": {
			"version": "5.1.1",
			"resolved": "https://artifactory.smartdev.ringieraxelspringer.tech/artifactory/api/npm/npm/styled-jsx/-/styled-jsx-5.1.1.tgz",
			"integrity": "sha512-pW7uC1l4mBZ8ugbiZrcIsiIvVx1UmTfw7UkC3Um2tmfUq9Bhk8IiyEIPl6F8agHgjzku6j0xQEZbfA5uSgSaCw==",
			"dependencies": {
				"client-only": "0.0.1"
			},
			"engines": {
				"node": ">= 12.0.0"
			},
			"peerDependencies": {
				"react": ">= 16.8.0 || 17.x.x || ^18.0.0-0"
			},
			"peerDependenciesMeta": {
				"@babel/core": {
					"optional": true
				},
				"babel-plugin-macros": {
					"optional": true
				}
			}
		},
		"node_modules/tslib": {
			"version": "2.5.0",
			"resolved": "https://artifactory.smartdev.ringieraxelspringer.tech/artifactory/api/npm/npm/tslib/-/tslib-2.5.0.tgz",
			"integrity": "sha512-336iVw3rtn2BUK7ORdIAHTyxHGRIHVReokCR3XjbckJMK7ms8FysBfhLR8IXnAgy7T0PTPNBWKiH514FOW/WSg=="
		},
		"node_modules/typescript": {
			"version": "4.7.4",
			"resolved": "https://artifactory.smartdev.ringieraxelspringer.tech/artifactory/api/npm/npm/typescript/-/typescript-4.7.4.tgz",
			"integrity": "sha512-C0WQT0gezHuw6AdY1M2jxUO83Rjf0HP7Sk1DtXj6j1EwkQNZrHAg2XPWlq62oqEhYvONq5pkC2Y9oPljWToLmQ==",
			"bin": {
				"tsc": "bin/tsc",
				"tsserver": "bin/tsserver"
			},
			"engines": {
				"node": ">=4.2.0"
			}
		},
		"node_modules/wrappy": {
			"version": "1.0.2",
			"resolved": "https://artifactory.smartdev.ringieraxelspringer.tech/artifactory/api/npm/npm/wrappy/-/wrappy-1.0.2.tgz",
			"integrity": "sha512-l4Sp/DRseor9wL6EvV2+TuQn63dMkPjZ/sp9XkghTEbV9KlPS1xUsZ3u7/IQO4wxtcFB4bgpQPRcR3QCvezPcQ=="
		}
	}
}
